schema: '2.0'
stages:
  run_jackhmmer:
    cmd: python scripts/run_jackhmmer.py
    deps:
    - path: aide_predict/utils/jackhmmer.py
      hash: md5
      md5: 29311d7958e0f3f02f2265184ca0d074
      size: 7534
    - path: data/wt.fasta
      hash: md5
      md5: a1598310bd55723f8c9255b8160c1816
      size: 263
    - path: scripts/run_jackhmmer.py
      hash: md5
      md5: fa97a43d299c54f9bab3bc81c69d2fc2
      size: 1726
    params:
      params.yaml:
        jackhmmer:
          seqdb: /kfs2/projects/bpms/ekomp_tmp/datasets/uniref/uniref100.fasta
          iterations: 5
          evalue: 0.0001
          tvalue: 0.5
          use_bitscores: true
          cpus: 16
          mx: BLOSUM62
          popen: 0.02
          pextend: 0.4
    outs:
    - path: data/jackhmmer/
      hash: md5
      md5: ea7a9ff5cdb4a795b63d838c42e73b50.dir
      size: 42340850998
      nfiles: 2
